<?xml version="1.0" encoding="utf-8"?>
<Project ToolsVersion="4.0" xmlns="http://schemas.microsoft.com/developer/msbuild/2003">
  <ItemGroup>
    <Filter Include="资源文件">
      <UniqueIdentifier>{67DA6AB6-F800-4c08-8B7A-83BB121AAD01}</UniqueIdentifier>
      <Extensions>rc;ico;cur;bmp;dlg;rc2;rct;bin;rgs;gif;jpg;jpeg;jpe;resx;tiff;tif;png;wav;mfcribbon-ms</Extensions>
    </Filter>
  </ItemGroup>
  <ItemGroup>
    <ClInclude Include="targetver.h" />
    <ClInclude Include="fluid3d.h" />
    <ClInclude Include="Resource.h" />
    <ClInclude Include="stdafx.h" />
    <ClInclude Include="glew.h" />
    <ClInclude Include="glew.win.h" />
    <ClInclude Include="glsw.h" />
    <ClInclude Include="pez.h" />
    <ClInclude Include="Utility.h" />
    <ClInclude Include="vmath.hpp" />
    <ClInclude Include="raycast_shader.h" />
    <ClInclude Include="fluid_shader.h" />
    <ClInclude Include="overlay_content.h" />
    <ClInclude Include="overlay_shader.h" />
    <ClInclude Include="metrics.h" />
  </ItemGroup>
  <ItemGroup>
    <ResourceCompile Include="fluid3d.rc">
      <Filter>资源文件</Filter>
    </ResourceCompile>
  </ItemGroup>
  <ItemGroup>
    <Image Include="small.ico">
      <Filter>资源文件</Filter>
    </Image>
    <Image Include="fluid3d.ico">
      <Filter>资源文件</Filter>
    </Image>
  </ItemGroup>
  <ItemGroup>
    <ClCompile Include="stdafx.cpp" />
    <ClCompile Include="Fluid3d.cpp" />
    <ClCompile Include="Trackball.cpp" />
    <ClCompile Include="Utility.cpp" />
    <ClCompile Include="glew.c" />
    <ClCompile Include="glsw.c" />
    <ClCompile Include="pez.win.c" />
    <ClCompile Include="raycast_shader.cpp" />
    <ClCompile Include="fluid_shader.cpp" />
    <ClCompile Include="overlay_content.cpp" />
    <ClCompile Include="overlay_shader.cpp" />
    <ClCompile Include="metrics.cpp" />
  </ItemGroup>
</Project>