<?xml version="1.0" encoding="utf-8"?>
<Project ToolsVersion="4.0" xmlns="http://schemas.microsoft.com/developer/msbuild/2003">
  <ItemGroup>
    <Filter Include="shader">
      <UniqueIdentifier>{9a0d8298-86f6-4b87-9249-860168e7a43d}</UniqueIdentifier>
    </Filter>
    <Filter Include="opengl">
      <UniqueIdentifier>{5dcee07a-f054-46e5-adba-682181a859c6}</UniqueIdentifier>
    </Filter>
    <Filter Include="cuda_host">
      <UniqueIdentifier>{353a3ea1-4a41-4c81-8d88-249679979acd}</UniqueIdentifier>
    </Filter>
  </ItemGroup>
  <ItemGroup>
    <ClInclude Include="stdafx.h" />
    <ClInclude Include="vmath.hpp" />
    <ClInclude Include="overlay_content.h" />
    <ClInclude Include="metrics.h" />
    <ClInclude Include="poisson_solver.h" />
    <ClInclude Include="multigrid_poisson_solver.h" />
    <ClInclude Include="shader\overlay_shader.h">
      <Filter>shader</Filter>
    </ClInclude>
    <ClInclude Include="shader\raycast_shader.h">
      <Filter>shader</Filter>
    </ClInclude>
    <ClInclude Include="shader\fluid_shader.h">
      <Filter>shader</Filter>
    </ClInclude>
    <ClInclude Include="shader\multigrid_shader.h">
      <Filter>shader</Filter>
    </ClInclude>
    <ClInclude Include="full_multigrid_poisson_solver.h" />
    <ClInclude Include="shader\multigrid_staggered_shader.h">
      <Filter>shader</Filter>
    </ClInclude>
    <ClInclude Include="multigrid_core.h" />
    <ClInclude Include="fluid_simulator.h" />
    <ClInclude Include="utility.h" />
    <ClInclude Include="graphics_volume.h" />
    <ClInclude Include="cuda_host\cuda_main.h">
      <Filter>cuda_host</Filter>
    </ClInclude>
    <ClInclude Include="cuda_host\cuda_volume.h">
      <Filter>cuda_host</Filter>
    </ClInclude>
    <ClInclude Include="source\opengl\gl_texture.h">
      <Filter>opengl</Filter>
    </ClInclude>
    <ClInclude Include="source\opengl\gl_program.h">
      <Filter>opengl</Filter>
    </ClInclude>
    <ClInclude Include="graphics_lib_enum.h" />
    <ClInclude Include="multigrid_core_glsl.h" />
    <ClInclude Include="multigrid_core_cuda.h" />
  </ItemGroup>
  <ItemGroup>
    <ClCompile Include="stdafx.cpp" />
    <ClCompile Include="overlay_content.cpp" />
    <ClCompile Include="metrics.cpp" />
    <ClCompile Include="poisson_solver.cpp" />
    <ClCompile Include="multigrid_poisson_solver.cpp" />
    <ClCompile Include="shader\overlay_shader.cpp">
      <Filter>shader</Filter>
    </ClCompile>
    <ClCompile Include="shader\raycast_shader.cpp">
      <Filter>shader</Filter>
    </ClCompile>
    <ClCompile Include="shader\fluid_shader.cpp">
      <Filter>shader</Filter>
    </ClCompile>
    <ClCompile Include="shader\multigrid_shader.cpp">
      <Filter>shader</Filter>
    </ClCompile>
    <ClCompile Include="full_multigrid_poisson_solver.cpp" />
    <ClCompile Include="shader\multigrid_staggered_shader.cpp">
      <Filter>shader</Filter>
    </ClCompile>
    <ClCompile Include="multigrid_core.cpp" />
    <ClCompile Include="fluid_simulator.cpp" />
    <ClCompile Include="trackball.cpp" />
    <ClCompile Include="utility.cpp" />
    <ClCompile Include="graphics_volume.cpp" />
    <ClCompile Include="cuda_host\cuda_volume.cpp">
      <Filter>cuda_host</Filter>
    </ClCompile>
    <ClCompile Include="cuda_host\cuda_main.cpp">
      <Filter>cuda_host</Filter>
    </ClCompile>
    <ClCompile Include="source\opengl\gl_program.cpp">
      <Filter>opengl</Filter>
    </ClCompile>
    <ClCompile Include="source\opengl\gl_texture.cpp">
      <Filter>opengl</Filter>
    </ClCompile>
    <ClCompile Include="multigrid_core_glsl.cpp" />
    <ClCompile Include="multigrid_core_cuda.cpp" />
  </ItemGroup>
</Project>