<?xml version="1.0" encoding="utf-8"?>
<Project ToolsVersion="4.0" xmlns="http://schemas.microsoft.com/developer/msbuild/2003">
  <ItemGroup>
    <Filter Include="shader">
      <UniqueIdentifier>{9a0d8298-86f6-4b87-9249-860168e7a43d}</UniqueIdentifier>
    </Filter>
    <Filter Include="opengl">
      <UniqueIdentifier>{5dcee07a-f054-46e5-adba-682181a859c6}</UniqueIdentifier>
    </Filter>
    <Filter Include="cuda_host">
      <UniqueIdentifier>{353a3ea1-4a41-4c81-8d88-249679979acd}</UniqueIdentifier>
    </Filter>
    <Filter Include="poisson_solver">
      <UniqueIdentifier>{3a6e8f44-2c94-40e0-a53b-5592614c0e12}</UniqueIdentifier>
    </Filter>
    <Filter Include="fluid_solver">
      <UniqueIdentifier>{7557b4dc-e5d5-4ff9-bd61-b96374e488ee}</UniqueIdentifier>
    </Filter>
    <Filter Include="renderer">
      <UniqueIdentifier>{b08a4be7-a7c9-4a0e-afe4-06c20ebf376e}</UniqueIdentifier>
    </Filter>
  </ItemGroup>
  <ItemGroup>
    <ClInclude Include="stdafx.h" />
    <ClInclude Include="overlay_content.h" />
    <ClInclude Include="metrics.h" />
    <ClInclude Include="shader\overlay_shader.h">
      <Filter>shader</Filter>
    </ClInclude>
    <ClInclude Include="shader\raycast_shader.h">
      <Filter>shader</Filter>
    </ClInclude>
    <ClInclude Include="shader\fluid_shader.h">
      <Filter>shader</Filter>
    </ClInclude>
    <ClInclude Include="shader\multigrid_shader.h">
      <Filter>shader</Filter>
    </ClInclude>
    <ClInclude Include="fluid_simulator.h" />
    <ClInclude Include="utility.h" />
    <ClInclude Include="graphics_volume.h" />
    <ClInclude Include="cuda_host\cuda_main.h">
      <Filter>cuda_host</Filter>
    </ClInclude>
    <ClInclude Include="cuda_host\cuda_volume.h">
      <Filter>cuda_host</Filter>
    </ClInclude>
    <ClInclude Include="graphics_lib_enum.h" />
    <ClInclude Include="opengl\gl_texture.h">
      <Filter>opengl</Filter>
    </ClInclude>
    <ClInclude Include="opengl\gl_program.h">
      <Filter>opengl</Filter>
    </ClInclude>
    <ClInclude Include="poisson_solver\multigrid_poisson_solver.h">
      <Filter>poisson_solver</Filter>
    </ClInclude>
    <ClInclude Include="poisson_solver\poisson_solver.h">
      <Filter>poisson_solver</Filter>
    </ClInclude>
    <ClInclude Include="poisson_solver\full_multigrid_poisson_solver.h">
      <Filter>poisson_solver</Filter>
    </ClInclude>
    <ClInclude Include="fluid_config.h" />
    <ClInclude Include="opengl\gl_surface.h">
      <Filter>opengl</Filter>
    </ClInclude>
    <ClInclude Include="opengl\gl_volume.h">
      <Filter>opengl</Filter>
    </ClInclude>
    <ClInclude Include="trackball.h" />
    <ClInclude Include="graphics_volume_group.h" />
    <ClInclude Include="poisson_solver\open_boundary_multigrid_poisson_solver.h">
      <Filter>poisson_solver</Filter>
    </ClInclude>
    <ClInclude Include="poisson_solver\preconditioned_conjugate_gradient.h">
      <Filter>poisson_solver</Filter>
    </ClInclude>
    <ClInclude Include="cuda_host\cuda_mem_piece.h">
      <Filter>cuda_host</Filter>
    </ClInclude>
    <ClInclude Include="graphics_mem_piece.h" />
    <ClInclude Include="poisson_solver\poisson_core_glsl.h">
      <Filter>poisson_solver</Filter>
    </ClInclude>
    <ClInclude Include="poisson_solver\poisson_core.h">
      <Filter>poisson_solver</Filter>
    </ClInclude>
    <ClInclude Include="poisson_solver\poisson_core_cuda.h">
      <Filter>poisson_solver</Filter>
    </ClInclude>
    <ClInclude Include="cuda_host\cuda_linear_mem.h">
      <Filter>cuda_host</Filter>
    </ClInclude>
    <ClInclude Include="fluid_solver\fluid_solver.h">
      <Filter>fluid_solver</Filter>
    </ClInclude>
    <ClInclude Include="fluid_solver\flip_fluid_solver.h">
      <Filter>fluid_solver</Filter>
    </ClInclude>
    <ClInclude Include="fluid_solver\grid_fluid_solver.h">
      <Filter>fluid_solver</Filter>
    </ClInclude>
    <ClInclude Include="poisson_solver\poisson_solver_enum.h">
      <Filter>poisson_solver</Filter>
    </ClInclude>
    <ClInclude Include="graphics_linear_mem.h" />
    <ClInclude Include="fluid_solver\fluid_buffer_owner.h">
      <Filter>fluid_solver</Filter>
    </ClInclude>
    <ClInclude Include="renderer\renderer.h">
      <Filter>renderer</Filter>
    </ClInclude>
    <ClInclude Include="renderer\blob_renderer.h">
      <Filter>renderer</Filter>
    </ClInclude>
    <ClInclude Include="renderer\rendering.h">
      <Filter>renderer</Filter>
    </ClInclude>
    <ClInclude Include="renderer\volume_renderer.h">
      <Filter>renderer</Filter>
    </ClInclude>
    <ClInclude Include="scene.h" />
    <ClInclude Include="particles.h" />
  </ItemGroup>
  <ItemGroup>
    <ClCompile Include="stdafx.cpp" />
    <ClCompile Include="overlay_content.cpp" />
    <ClCompile Include="metrics.cpp" />
    <ClCompile Include="shader\overlay_shader.cpp">
      <Filter>shader</Filter>
    </ClCompile>
    <ClCompile Include="shader\raycast_shader.cpp">
      <Filter>shader</Filter>
    </ClCompile>
    <ClCompile Include="shader\fluid_shader.cpp">
      <Filter>shader</Filter>
    </ClCompile>
    <ClCompile Include="shader\multigrid_shader.cpp">
      <Filter>shader</Filter>
    </ClCompile>
    <ClCompile Include="fluid_simulator.cpp" />
    <ClCompile Include="trackball.cpp" />
    <ClCompile Include="utility.cpp" />
    <ClCompile Include="graphics_volume.cpp" />
    <ClCompile Include="cuda_host\cuda_volume.cpp">
      <Filter>cuda_host</Filter>
    </ClCompile>
    <ClCompile Include="cuda_host\cuda_main.cpp">
      <Filter>cuda_host</Filter>
    </ClCompile>
    <ClCompile Include="opengl\gl_texture.cpp">
      <Filter>opengl</Filter>
    </ClCompile>
    <ClCompile Include="opengl\gl_program.cpp">
      <Filter>opengl</Filter>
    </ClCompile>
    <ClCompile Include="poisson_solver\multigrid_poisson_solver.cpp">
      <Filter>poisson_solver</Filter>
    </ClCompile>
    <ClCompile Include="poisson_solver\poisson_solver.cpp">
      <Filter>poisson_solver</Filter>
    </ClCompile>
    <ClCompile Include="poisson_solver\full_multigrid_poisson_solver.cpp">
      <Filter>poisson_solver</Filter>
    </ClCompile>
    <ClCompile Include="fluid_config.cpp" />
    <ClCompile Include="opengl\gl_surface.cpp">
      <Filter>opengl</Filter>
    </ClCompile>
    <ClCompile Include="opengl\gl_volume.cpp">
      <Filter>opengl</Filter>
    </ClCompile>
    <ClCompile Include="graphics_volume_group.cpp" />
    <ClCompile Include="poisson_solver\open_boundary_multigrid_poisson_solver.cpp">
      <Filter>poisson_solver</Filter>
    </ClCompile>
    <ClCompile Include="poisson_solver\preconditioned_conjugate_gradient.cpp">
      <Filter>poisson_solver</Filter>
    </ClCompile>
    <ClCompile Include="cuda_host\cuda_mem_piece.cpp">
      <Filter>cuda_host</Filter>
    </ClCompile>
    <ClCompile Include="graphics_mem_piece.cpp" />
    <ClCompile Include="poisson_solver\poisson_core_glsl.cpp">
      <Filter>poisson_solver</Filter>
    </ClCompile>
    <ClCompile Include="poisson_solver\poisson_core.cpp">
      <Filter>poisson_solver</Filter>
    </ClCompile>
    <ClCompile Include="poisson_solver\poisson_core_cuda.cpp">
      <Filter>poisson_solver</Filter>
    </ClCompile>
    <ClCompile Include="cuda_host\cuda_linear_mem.cpp">
      <Filter>cuda_host</Filter>
    </ClCompile>
    <ClCompile Include="fluid_solver\fluid_solver.cpp">
      <Filter>fluid_solver</Filter>
    </ClCompile>
    <ClCompile Include="fluid_solver\flip_fluid_solver.cpp">
      <Filter>fluid_solver</Filter>
    </ClCompile>
    <ClCompile Include="fluid_solver\grid_fluid_solver.cpp">
      <Filter>fluid_solver</Filter>
    </ClCompile>
    <ClCompile Include="renderer\renderer.cpp">
      <Filter>renderer</Filter>
    </ClCompile>
    <ClCompile Include="renderer\volume_renderer.cpp">
      <Filter>renderer</Filter>
    </ClCompile>
    <ClCompile Include="renderer\blob_renderer.cpp">
      <Filter>renderer</Filter>
    </ClCompile>
    <ClCompile Include="scene.cpp" />
    <ClCompile Include="particles.cpp" />
  </ItemGroup>
</Project>